Microsoft Visual Studio Solution File, Format Version 12.00
# Visual Studio Version 17
VisualStudioVersion = 17.5.2.0
MinimumVisualStudioVersion = 10.0.40219.1
Project("{FAE04EC0-301F-11D3-BF4B-00C04F79EFBC}") = "Site", "site\Site.csproj", "{CBFA08EA-AECE-205F-7B85-326FD0B81BAD}"
EndProject
Project("{FAE04EC0-301F-11D3-BF4B-00C04F79EFBC}") = "Api", "api\Api.csproj", "{C95773B6-42C5-4445-A12D-161278BB8420}"
EndProject
Global
	GlobalSection(SolutionConfigurationPlatforms) = preSolution
		Debug|Any CPU = Debug|Any CPU
		Release|Any CPU = Release|Any CPU
	EndGlobalSection
	GlobalSection(ProjectConfigurationPlatforms) = postSolution
		{CBFA08EA-AECE-205F-7B85-326FD0B81BAD}.Debug|Any CPU.ActiveCfg = Debug|Any CPU
		{CBFA08EA-AECE-205F-7B85-326FD0B81BAD}.Debug|Any CPU.Build.0 = Debug|Any CPU
		{CBFA08EA-AECE-205F-7B85-326FD0B81BAD}.Release|Any CPU.ActiveCfg = Release|Any CPU
		{CBFA08EA-AECE-205F-7B85-326FD0B81BAD}.Release|Any CPU.Build.0 = Release|Any CPU
		{C95773B6-42C5-4445-A12D-161278BB8420}.Debug|Any CPU.ActiveCfg = Debug|Any CPU
		{C95773B6-42C5-4445-A12D-161278BB8420}.Debug|Any CPU.Build.0 = Debug|Any CPU
		{C95773B6-42C5-4445-A12D-161278BB8420}.Release|Any CPU.ActiveCfg = Release|Any CPU
		{C95773B6-42C5-4445-A12D-161278BB8420}.Release|Any CPU.Build.0 = Release|Any CPU
	EndGlobalSection
	GlobalSection(SolutionProperties) = preSolution
		HideSolutionNode = FALSE
	EndGlobalSection
	GlobalSection(ExtensibilityGlobals) = postSolution
		SolutionGuid = {BB0B9700-F708-460C-9DEC-7090E15B1126}
	EndGlobalSection
EndGlobal
